dependencies:
- name: jupyterhub
  repository: https://jupyterhub.github.io/helm-chart/
  version: 1.1.1
- name: postgresql
  repository: https://charts.bitnami.com/bitnami
  version: 10.16.1
digest: sha256:8e3866ba90ce754a83ded77b9f8ef520bc06a9677772c68764264cf59534dc5a
generated: "2022-02-03T13:33:53.2038635-05:00"
