dependencies:
- name: jupyterhub
  repository: https://jupyterhub.github.io/helm-chart/
  version: 1.1.1
- name: postgresql
  repository: https://charts.bitnami.com/bitnami
  version: 10.1.3
digest: sha256:1b9d0e92ad49d9564408dbe4d7c64c588b015751c242d79d602027e08d174b10
generated: "2021-08-28T17:34:17.3850722-04:00"
